{
  "lockfileVersion": 1,
  "workspaces": {
    "": {
      "name": "dexp",
      "dependencies": {
        "@types/chrome": "^0.0.315",
        "chrome": "^0.1.0",
        "hyperapp": "^2.0.22",
      },
      "devDependencies": {
        "@rsbuild/core": "^1.3.1",
        "@tailwindcss/postcss": "^4.0.14",
        "tailwindcss": "^4.0.14",
        "typescript": "^5.8.2",
      },
    },
  },
  "packages": {
    "@alloc/quick-lru": ["@alloc/quick-lru@5.2.0", "", {}, "sha512-UrcABB+4bUrFABwbluTIBErXwvbsU/V7TZWfmbgJfbkwiBuziS9gxdODUyuiecfdGQ85jglMW6juS3+z5TsKLw=="],

    "@module-federation/error-codes": ["@module-federation/error-codes@0.11.2", "", {}, "sha512-ik1Qnn0I+WyEdprTck9WGlH41vGsVdUg8cfO+ZM02qOb2cZm5Vu3SlxGAobj6g7uAj0g8yINnd7h7Dci40BxQA=="],

    "@module-federation/runtime": ["@module-federation/runtime@0.11.2", "", { "dependencies": { "@module-federation/error-codes": "0.11.2", "@module-federation/runtime-core": "0.11.2", "@module-federation/sdk": "0.11.2" } }, "sha512-Ya9u/L6z2LvhgpqxuKCB7LcigIIRf1BbaxAZIH7mzbq/A7rZtTP7v+73E433jvgiAlbAfPSZkeoYGele6hfRwA=="],

    "@module-federation/runtime-core": ["@module-federation/runtime-core@0.11.2", "", { "dependencies": { "@module-federation/error-codes": "0.11.2", "@module-federation/sdk": "0.11.2" } }, "sha512-dia5kKybi6MFU0s5PgglJwN27k7n9Sf69Cy5xZ4BWaP0qlaXTsxHKO0PECHNt2Pt8jDdyU29sQ4DwAQfxpnXJQ=="],

    "@module-federation/runtime-tools": ["@module-federation/runtime-tools@0.11.2", "", { "dependencies": { "@module-federation/runtime": "0.11.2", "@module-federation/webpack-bundler-runtime": "0.11.2" } }, "sha512-4MJTGAxVq6vxQRkTtTlH7Mm9AVqgn0X9kdu+7RsL7T/qU+jeYsbrntN2CWG3GVVA8r5JddXyTI1iJ0VXQZLV1w=="],

    "@module-federation/sdk": ["@module-federation/sdk@0.11.2", "", {}, "sha512-SBFe5xOamluT900J4AGBx+2/kCH/JbfqXoUwPSAC6PRzb8Y7LB0posnOGzmqYsLZXT37vp3d6AmJDsVoajDqxw=="],

    "@module-federation/webpack-bundler-runtime": ["@module-federation/webpack-bundler-runtime@0.11.2", "", { "dependencies": { "@module-federation/runtime": "0.11.2", "@module-federation/sdk": "0.11.2" } }, "sha512-WdwIE6QF+MKs/PdVu0cKPETF743JB9PZ62/qf7Uo3gU4fjsUMc37RnbJZ/qB60EaHHfjwp1v6NnhZw1r4eVsnw=="],

    "@rsbuild/core": ["@rsbuild/core@1.3.6", "", { "dependencies": { "@rspack/core": "1.3.4", "@rspack/lite-tapable": "~1.0.1", "@swc/helpers": "^0.5.15", "core-js": "~3.41.0", "jiti": "^2.4.2" }, "bin": { "rsbuild": "bin/rsbuild.js" } }, "sha512-ZuwqoqVkuX4Nmpzg+Kvn9zW26CBGE+iod+iF8J96tOpBWYyCwuSJlZQuTZaBQBOaOrv+CWf9r2d37TvI8nvEgg=="],

    "@rspack/binding": ["@rspack/binding@1.3.4", "", { "optionalDependencies": { "@rspack/binding-darwin-arm64": "1.3.4", "@rspack/binding-darwin-x64": "1.3.4", "@rspack/binding-linux-arm64-gnu": "1.3.4", "@rspack/binding-linux-arm64-musl": "1.3.4", "@rspack/binding-linux-x64-gnu": "1.3.4", "@rspack/binding-linux-x64-musl": "1.3.4", "@rspack/binding-win32-arm64-msvc": "1.3.4", "@rspack/binding-win32-ia32-msvc": "1.3.4", "@rspack/binding-win32-x64-msvc": "1.3.4" } }, "sha512-wDRqqNfrVXuHAEm25mPlhroKN+v4uwhihVnZF4duz0I0L5rbsUNCy7uEda0GrBXkj3jkKLfg60mSd9MCZD0JZw=="],

    "@rspack/binding-darwin-arm64": ["@rspack/binding-darwin-arm64@1.3.4", "", { "os": "darwin", "cpu": "arm64" }, "sha512-cVfzvtVf05VumGrxFz9Tk0QHk4jWBcQBNQuaql2enco8NKnzuX+v0+VP2mbNfvgICBgrHWKRYinAX5IxTEJdCw=="],

    "@rspack/binding-darwin-x64": ["@rspack/binding-darwin-x64@1.3.4", "", { "os": "darwin", "cpu": "x64" }, "sha512-vXzf8xI+njdOSXGyI39lqkH/bSwyrx4jXW9+Pj2zbmRJVHZVyJsrx4kSpOoZX5zx/a7BbvuHRwrmmJS2HEOobw=="],

    "@rspack/binding-linux-arm64-gnu": ["@rspack/binding-linux-arm64-gnu@1.3.4", "", { "os": "linux", "cpu": "arm64" }, "sha512-c45kQrqzR05Jc62oAetiAXrnPWhyt3Pz1h2LF62OW8SYXxdBskAKpWntTts/T96HMLqNPH3MAfDKxyfOb/n0eQ=="],

    "@rspack/binding-linux-arm64-musl": ["@rspack/binding-linux-arm64-musl@1.3.4", "", { "os": "linux", "cpu": "arm64" }, "sha512-/dUvkcBVnV95tA7BpeA6IZhrbpwxFzvgU6qF/iKxyHdMjwHdjn1Um7nR00TPOn/SIHzljafHpL6CuVTLNB5xvA=="],

    "@rspack/binding-linux-x64-gnu": ["@rspack/binding-linux-x64-gnu@1.3.4", "", { "os": "linux", "cpu": "x64" }, "sha512-jZgGKoH7RyqJbyEcvhEE9wqK6mwoWxLF3c3LD2+e+dKVcO5iCfMuulCGdzUnYyvH97CtvN5j0/20PErRXubyjg=="],

    "@rspack/binding-linux-x64-musl": ["@rspack/binding-linux-x64-musl@1.3.4", "", { "os": "linux", "cpu": "x64" }, "sha512-Xko8mZ598vQDubig4rLTuCDjXplSDJbJEg6B3NykGaE6CMH2bI/6KJfVKEKo25ayNzoouT/1MxyOxB4mQuspbA=="],

    "@rspack/binding-win32-arm64-msvc": ["@rspack/binding-win32-arm64-msvc@1.3.4", "", { "os": "win32", "cpu": "arm64" }, "sha512-Q+pU/MRylYB3XoNTM1LYPxWV1KUxeZY6R54twtoDFXhZn/PDflP7qH1BHQ0KN50HuG5ZK89CaFSPMF7+vs6HNA=="],

    "@rspack/binding-win32-ia32-msvc": ["@rspack/binding-win32-ia32-msvc@1.3.4", "", { "os": "win32", "cpu": "ia32" }, "sha512-aqP/l+YAG4L9I1klW3uSq+olafw8xzAP+4cd/Nyy2SSDnhWsDgawxJyO6FIeM+hXwC73ChH9pcXHGgEC7iCcHw=="],

    "@rspack/binding-win32-x64-msvc": ["@rspack/binding-win32-x64-msvc@1.3.4", "", { "os": "win32", "cpu": "x64" }, "sha512-xDU1njA1gIzIL6Nt5ARW4vWeVgwf00i7tPONg+6fJyMgwuFfwq2qEG7UFSBOedYjsSTCW+UoBh7riN7lRiFIvw=="],

    "@rspack/core": ["@rspack/core@1.3.4", "", { "dependencies": { "@module-federation/runtime-tools": "0.11.2", "@rspack/binding": "1.3.4", "@rspack/lite-tapable": "1.0.1", "caniuse-lite": "^1.0.30001707" }, "peerDependencies": { "@rspack/tracing": "^1.x", "@swc/helpers": ">=0.5.1" }, "optionalPeers": ["@rspack/tracing", "@swc/helpers"] }, "sha512-NIIk/0XUkyU9G8eby6kKO3YFpeDn8RsUIzNuElcfi1rWuuK+NLasDqUYOFqqlNBKnZpmtZ+SXAV9jE5k/i3uwg=="],

    "@rspack/lite-tapable": ["@rspack/lite-tapable@1.0.1", "", {}, "sha512-VynGOEsVw2s8TAlLf/uESfrgfrq2+rcXB1muPJYBWbsm1Oa6r5qVQhjA5ggM6z/coYPrsVMgovl3Ff7Q7OCp1w=="],

    "@swc/helpers": ["@swc/helpers@0.5.17", "", { "dependencies": { "tslib": "^2.8.0" } }, "sha512-5IKx/Y13RsYd+sauPb2x+U/xZikHjolzfuDgTAl/Tdf3Q8rslRvC19NKDLgAJQ6wsqADk10ntlv08nPFw/gO/A=="],

    "@tailwindcss/node": ["@tailwindcss/node@4.1.4", "", { "dependencies": { "enhanced-resolve": "^5.18.1", "jiti": "^2.4.2", "lightningcss": "1.29.2", "tailwindcss": "4.1.4" } }, "sha512-MT5118zaiO6x6hNA04OWInuAiP1YISXql8Z+/Y8iisV5nuhM8VXlyhRuqc2PEviPszcXI66W44bCIk500Oolhw=="],

    "@tailwindcss/oxide": ["@tailwindcss/oxide@4.1.4", "", { "optionalDependencies": { "@tailwindcss/oxide-android-arm64": "4.1.4", "@tailwindcss/oxide-darwin-arm64": "4.1.4", "@tailwindcss/oxide-darwin-x64": "4.1.4", "@tailwindcss/oxide-freebsd-x64": "4.1.4", "@tailwindcss/oxide-linux-arm-gnueabihf": "4.1.4", "@tailwindcss/oxide-linux-arm64-gnu": "4.1.4", "@tailwindcss/oxide-linux-arm64-musl": "4.1.4", "@tailwindcss/oxide-linux-x64-gnu": "4.1.4", "@tailwindcss/oxide-linux-x64-musl": "4.1.4", "@tailwindcss/oxide-wasm32-wasi": "4.1.4", "@tailwindcss/oxide-win32-arm64-msvc": "4.1.4", "@tailwindcss/oxide-win32-x64-msvc": "4.1.4" } }, "sha512-p5wOpXyOJx7mKh5MXh5oKk+kqcz8T+bA3z/5VWWeQwFrmuBItGwz8Y2CHk/sJ+dNb9B0nYFfn0rj/cKHZyjahQ=="],

    "@tailwindcss/oxide-android-arm64": ["@tailwindcss/oxide-android-arm64@4.1.4", "", { "os": "android", "cpu": "arm64" }, "sha512-xMMAe/SaCN/vHfQYui3fqaBDEXMu22BVwQ33veLc8ep+DNy7CWN52L+TTG9y1K397w9nkzv+Mw+mZWISiqhmlA=="],

    "@tailwindcss/oxide-darwin-arm64": ["@tailwindcss/oxide-darwin-arm64@4.1.4", "", { "os": "darwin", "cpu": "arm64" }, "sha512-JGRj0SYFuDuAGilWFBlshcexev2hOKfNkoX+0QTksKYq2zgF9VY/vVMq9m8IObYnLna0Xlg+ytCi2FN2rOL0Sg=="],

    "@tailwindcss/oxide-darwin-x64": ["@tailwindcss/oxide-darwin-x64@4.1.4", "", { "os": "darwin", "cpu": "x64" }, "sha512-sdDeLNvs3cYeWsEJ4H1DvjOzaGios4QbBTNLVLVs0XQ0V95bffT3+scptzYGPMjm7xv4+qMhCDrkHwhnUySEzA=="],

    "@tailwindcss/oxide-freebsd-x64": ["@tailwindcss/oxide-freebsd-x64@4.1.4", "", { "os": "freebsd", "cpu": "x64" }, "sha512-VHxAqxqdghM83HslPhRsNhHo91McsxRJaEnShJOMu8mHmEj9Ig7ToHJtDukkuLWLzLboh2XSjq/0zO6wgvykNA=="],

    "@tailwindcss/oxide-linux-arm-gnueabihf": ["@tailwindcss/oxide-linux-arm-gnueabihf@4.1.4", "", { "os": "linux", "cpu": "arm" }, "sha512-OTU/m/eV4gQKxy9r5acuesqaymyeSCnsx1cFto/I1WhPmi5HDxX1nkzb8KYBiwkHIGg7CTfo/AcGzoXAJBxLfg=="],

    "@tailwindcss/oxide-linux-arm64-gnu": ["@tailwindcss/oxide-linux-arm64-gnu@4.1.4", "", { "os": "linux", "cpu": "arm64" }, "sha512-hKlLNvbmUC6z5g/J4H+Zx7f7w15whSVImokLPmP6ff1QqTVE+TxUM9PGuNsjHvkvlHUtGTdDnOvGNSEUiXI1Ww=="],

    "@tailwindcss/oxide-linux-arm64-musl": ["@tailwindcss/oxide-linux-arm64-musl@4.1.4", "", { "os": "linux", "cpu": "arm64" }, "sha512-X3As2xhtgPTY/m5edUtddmZ8rCruvBvtxYLMw9OsZdH01L2gS2icsHRwxdU0dMItNfVmrBezueXZCHxVeeb7Aw=="],

    "@tailwindcss/oxide-linux-x64-gnu": ["@tailwindcss/oxide-linux-x64-gnu@4.1.4", "", { "os": "linux", "cpu": "x64" }, "sha512-2VG4DqhGaDSmYIu6C4ua2vSLXnJsb/C9liej7TuSO04NK+JJJgJucDUgmX6sn7Gw3Cs5ZJ9ZLrnI0QRDOjLfNQ=="],

    "@tailwindcss/oxide-linux-x64-musl": ["@tailwindcss/oxide-linux-x64-musl@4.1.4", "", { "os": "linux", "cpu": "x64" }, "sha512-v+mxVgH2kmur/X5Mdrz9m7TsoVjbdYQT0b4Z+dr+I4RvreCNXyCFELZL/DO0M1RsidZTrm6O1eMnV6zlgEzTMQ=="],

    "@tailwindcss/oxide-wasm32-wasi": ["@tailwindcss/oxide-wasm32-wasi@4.1.4", "", { "dependencies": { "@emnapi/core": "^1.4.0", "@emnapi/runtime": "^1.4.0", "@emnapi/wasi-threads": "^1.0.1", "@napi-rs/wasm-runtime": "^0.2.8", "@tybys/wasm-util": "^0.9.0", "tslib": "^2.8.0" }, "cpu": "none" }, "sha512-2TLe9ir+9esCf6Wm+lLWTMbgklIjiF0pbmDnwmhR9MksVOq+e8aP3TSsXySnBDDvTTVd/vKu1aNttEGj3P6l8Q=="],

    "@tailwindcss/oxide-win32-arm64-msvc": ["@tailwindcss/oxide-win32-arm64-msvc@4.1.4", "", { "os": "win32", "cpu": "arm64" }, "sha512-VlnhfilPlO0ltxW9/BgfLI5547PYzqBMPIzRrk4W7uupgCt8z6Trw/tAj6QUtF2om+1MH281Pg+HHUJoLesmng=="],

    "@tailwindcss/oxide-win32-x64-msvc": ["@tailwindcss/oxide-win32-x64-msvc@4.1.4", "", { "os": "win32", "cpu": "x64" }, "sha512-+7S63t5zhYjslUGb8NcgLpFXD+Kq1F/zt5Xv5qTv7HaFTG/DHyHD9GA6ieNAxhgyA4IcKa/zy7Xx4Oad2/wuhw=="],

    "@tailwindcss/postcss": ["@tailwindcss/postcss@4.1.4", "", { "dependencies": { "@alloc/quick-lru": "^5.2.0", "@tailwindcss/node": "4.1.4", "@tailwindcss/oxide": "4.1.4", "postcss": "^8.4.41", "tailwindcss": "4.1.4" } }, "sha512-bjV6sqycCEa+AQSt2Kr7wpGF1bOZJ5wsqnLEkqSbM/JEHxx/yhMH8wHmdkPyApF9xhHeMSwnnkDUUMMM/hYnXw=="],

    "@types/chrome": ["@types/chrome@0.0.315", "", { "dependencies": { "@types/filesystem": "*", "@types/har-format": "*" } }, "sha512-Oy1dYWkr6BCmgwBtOngLByCHstQ3whltZg7/7lubgIZEYvKobDneqplgc6LKERNRBwckFviV4UU5AZZNUFrJ4A=="],

    "@types/filesystem": ["@types/filesystem@0.0.36", "", { "dependencies": { "@types/filewriter": "*" } }, "sha512-vPDXOZuannb9FZdxgHnqSwAG/jvdGM8Wq+6N4D/d80z+D4HWH+bItqsZaVRQykAn6WEVeEkLm2oQigyHtgb0RA=="],

    "@types/filewriter": ["@types/filewriter@0.0.33", "", {}, "sha512-xFU8ZXTw4gd358lb2jw25nxY9QAgqn2+bKKjKOYfNCzN4DKCFetK7sPtrlpg66Ywe3vWY9FNxprZawAh9wfJ3g=="],

    "@types/har-format": ["@types/har-format@1.2.16", "", {}, "sha512-fluxdy7ryD3MV6h8pTfTYpy/xQzCFC7m89nOH9y94cNqJ1mDIDPut7MnRHI3F6qRmh/cT2fUjG1MLdCNb4hE9A=="],

    "base64-js": ["base64-js@0.0.8", "", {}, "sha512-3XSA2cR/h/73EzlXXdU6YNycmYI7+kicTxks4eJg2g39biHR84slg2+des+p7iHYhbRg/udIS4TD53WabcOUkw=="],

    "bluebird": ["bluebird@3.7.2", "", {}, "sha512-XpNj6GDQzdfW+r2Wnn7xiSAd7TM3jzkxGXBGTtWKuSXv1xUV+azxAm8jdWZN06QTQk+2N2XB9jRDkvbmQmcRtg=="],

    "caniuse-lite": ["caniuse-lite@1.0.30001713", "", {}, "sha512-wCIWIg+A4Xr7NfhTuHdX+/FKh3+Op3LBbSp2N5Pfx6T/LhdQy3GTyoTg48BReaW/MyMNZAkTadsBtai3ldWK0Q=="],

    "chrome": ["chrome@0.1.0", "", { "dependencies": { "exeq": "^2.2.0", "plist": "^1.1.0" }, "bin": { "chrome": "index.js" } }, "sha512-6KYl20U4Taj6YipylsWr2etUvp9AElJKfGNSBmyGTymYmancnOb041ZNadolEZi2nboLXH7jMSqUmm4kpuTzfg=="],

    "core-js": ["core-js@3.41.0", "", {}, "sha512-SJ4/EHwS36QMJd6h/Rg+GyR4A5xE0FSI3eZ+iBVpfqf1x0eTSg1smWLHrA+2jQThZSh97fmSgFSU8B61nxosxA=="],

    "detect-libc": ["detect-libc@2.0.3", "", {}, "sha512-bwy0MGW55bG41VqxxypOsdSdGqLwXPI/focwgTYCFMbdUiBAxLg9CFzG08sz2aqzknwiX7Hkl0bQENjg8iLByw=="],

    "enhanced-resolve": ["enhanced-resolve@5.18.1", "", { "dependencies": { "graceful-fs": "^4.2.4", "tapable": "^2.2.0" } }, "sha512-ZSW3ma5GkcQBIpwZTSRAI8N71Uuwgs93IezB7mf7R60tC8ZbJideoDNKjHn2O9KIlx6rkGTTEk1xUCK2E1Y2Yg=="],

    "exeq": ["exeq@2.4.0", "", { "dependencies": { "bluebird": "^3.0.3", "native-or-bluebird": "^1.2.0" } }, "sha512-B648qbDS00nQZv9UQGLT5RbZm/5dNBX10F8oWeXcgpFHSLm1249u95t/3sn2wXdQjLhlF+edAECdshFtSr1K0Q=="],

    "graceful-fs": ["graceful-fs@4.2.11", "", {}, "sha512-RbJ5/jmFcNNCcDV5o9eTnBLJ/HszWV0P73bc+Ff4nS/rJj+YaS6IGyiOL0VoBYX+l1Wrl3k63h/KrH+nhJ0XvQ=="],

    "hyperapp": ["hyperapp@2.0.22", "", {}, "sha512-3uf9HjnjrhbfykowFNEObZewBEo4DXJIM+9FnGkiR9E4H2eh2f921SzMCMS69X5nN3A7KFfmZc9KCKh/7TQBFA=="],

    "jiti": ["jiti@2.4.2", "", { "bin": { "jiti": "lib/jiti-cli.mjs" } }, "sha512-rg9zJN+G4n2nfJl5MW3BMygZX56zKPNVEYYqq7adpmMh4Jn2QNEwhvQlFy6jPVdcod7txZtKHWnyZiA3a0zP7A=="],

    "lightningcss": ["lightningcss@1.29.2", "", { "dependencies": { "detect-libc": "^2.0.3" }, "optionalDependencies": { "lightningcss-darwin-arm64": "1.29.2", "lightningcss-darwin-x64": "1.29.2", "lightningcss-freebsd-x64": "1.29.2", "lightningcss-linux-arm-gnueabihf": "1.29.2", "lightningcss-linux-arm64-gnu": "1.29.2", "lightningcss-linux-arm64-musl": "1.29.2", "lightningcss-linux-x64-gnu": "1.29.2", "lightningcss-linux-x64-musl": "1.29.2", "lightningcss-win32-arm64-msvc": "1.29.2", "lightningcss-win32-x64-msvc": "1.29.2" } }, "sha512-6b6gd/RUXKaw5keVdSEtqFVdzWnU5jMxTUjA2bVcMNPLwSQ08Sv/UodBVtETLCn7k4S1Ibxwh7k68IwLZPgKaA=="],

    "lightningcss-darwin-arm64": ["lightningcss-darwin-arm64@1.29.2", "", { "os": "darwin", "cpu": "arm64" }, "sha512-cK/eMabSViKn/PG8U/a7aCorpeKLMlK0bQeNHmdb7qUnBkNPnL+oV5DjJUo0kqWsJUapZsM4jCfYItbqBDvlcA=="],

    "lightningcss-darwin-x64": ["lightningcss-darwin-x64@1.29.2", "", { "os": "darwin", "cpu": "x64" }, "sha512-j5qYxamyQw4kDXX5hnnCKMf3mLlHvG44f24Qyi2965/Ycz829MYqjrVg2H8BidybHBp9kom4D7DR5VqCKDXS0w=="],

    "lightningcss-freebsd-x64": ["lightningcss-freebsd-x64@1.29.2", "", { "os": "freebsd", "cpu": "x64" }, "sha512-wDk7M2tM78Ii8ek9YjnY8MjV5f5JN2qNVO+/0BAGZRvXKtQrBC4/cn4ssQIpKIPP44YXw6gFdpUF+Ps+RGsCwg=="],

    "lightningcss-linux-arm-gnueabihf": ["lightningcss-linux-arm-gnueabihf@1.29.2", "", { "os": "linux", "cpu": "arm" }, "sha512-IRUrOrAF2Z+KExdExe3Rz7NSTuuJ2HvCGlMKoquK5pjvo2JY4Rybr+NrKnq0U0hZnx5AnGsuFHjGnNT14w26sg=="],

    "lightningcss-linux-arm64-gnu": ["lightningcss-linux-arm64-gnu@1.29.2", "", { "os": "linux", "cpu": "arm64" }, "sha512-KKCpOlmhdjvUTX/mBuaKemp0oeDIBBLFiU5Fnqxh1/DZ4JPZi4evEH7TKoSBFOSOV3J7iEmmBaw/8dpiUvRKlQ=="],

    "lightningcss-linux-arm64-musl": ["lightningcss-linux-arm64-musl@1.29.2", "", { "os": "linux", "cpu": "arm64" }, "sha512-Q64eM1bPlOOUgxFmoPUefqzY1yV3ctFPE6d/Vt7WzLW4rKTv7MyYNky+FWxRpLkNASTnKQUaiMJ87zNODIrrKQ=="],

    "lightningcss-linux-x64-gnu": ["lightningcss-linux-x64-gnu@1.29.2", "", { "os": "linux", "cpu": "x64" }, "sha512-0v6idDCPG6epLXtBH/RPkHvYx74CVziHo6TMYga8O2EiQApnUPZsbR9nFNrg2cgBzk1AYqEd95TlrsL7nYABQg=="],

    "lightningcss-linux-x64-musl": ["lightningcss-linux-x64-musl@1.29.2", "", { "os": "linux", "cpu": "x64" }, "sha512-rMpz2yawkgGT8RULc5S4WiZopVMOFWjiItBT7aSfDX4NQav6M44rhn5hjtkKzB+wMTRlLLqxkeYEtQ3dd9696w=="],

    "lightningcss-win32-arm64-msvc": ["lightningcss-win32-arm64-msvc@1.29.2", "", { "os": "win32", "cpu": "arm64" }, "sha512-nL7zRW6evGQqYVu/bKGK+zShyz8OVzsCotFgc7judbt6wnB2KbiKKJwBE4SGoDBQ1O94RjW4asrCjQL4i8Fhbw=="],

    "lightningcss-win32-x64-msvc": ["lightningcss-win32-x64-msvc@1.29.2", "", { "os": "win32", "cpu": "x64" }, "sha512-EdIUW3B2vLuHmv7urfzMI/h2fmlnOQBk1xlsDxkN1tCWKjNFjfLhGxYk8C8mzpSfr+A6jFFIi8fU6LbQGsRWjA=="],

    "lodash": ["lodash@3.10.1", "", {}, "sha512-9mDDwqVIma6OZX79ZlDACZl8sBm0TEnkf99zV3iMA4GzkIT/9hiqP5mY0HoT1iNLCrKc/R1HByV+yJfRWVJryQ=="],

    "nanoid": ["nanoid@3.3.11", "", { "bin": { "nanoid": "bin/nanoid.cjs" } }, "sha512-N8SpfPUnUp1bK+PMYW8qSWdl9U+wwNWI4QKxOYDy9JAro3WMX7p2OeVRF9v+347pnakNevPmiHhNmZ2HbFA76w=="],

    "native-or-bluebird": ["native-or-bluebird@1.2.0", "", {}, "sha512-0SH8UubxDfe382eYiwmd12qxAbiWGzlGZv6CkMA+DPojWa/Y0oH4hE0lRtFfFgJmPQFyKXeB8XxPbZz6TvvKaQ=="],

    "picocolors": ["picocolors@1.1.1", "", {}, "sha512-xceH2snhtb5M9liqDsmEw56le376mTZkEX/jEb/RxNFyegNul7eNslCXP9FDj/Lcu0X8KEyMceP2ntpaHrDEVA=="],

    "plist": ["plist@1.2.0", "", { "dependencies": { "base64-js": "0.0.8", "util-deprecate": "1.0.2", "xmlbuilder": "4.0.0", "xmldom": "0.1.x" } }, "sha512-dL9Xc2Aj3YyBnwvCNuHmFl2LWvQacm/HEAsoVwLiuu0POboMChETt5wexpU1P6F6MnibIucXlVsMFFgNUT2IyA=="],

    "postcss": ["postcss@8.5.3", "", { "dependencies": { "nanoid": "^3.3.8", "picocolors": "^1.1.1", "source-map-js": "^1.2.1" } }, "sha512-dle9A3yYxlBSrt8Fu+IpjGT8SY8hN0mlaA6GY8t0P5PjIOZemULz/E2Bnm/2dcUOena75OTNkHI76uZBNUUq3A=="],

    "source-map-js": ["source-map-js@1.2.1", "", {}, "sha512-UXWMKhLOwVKb728IUtQPXxfYU+usdybtUrK/8uGE8CQMvrhOpwvzDBwj0QhSL7MQc7vIsISBG8VQ8+IDQxpfQA=="],

    "tailwindcss": ["tailwindcss@4.1.4", "", {}, "sha512-1ZIUqtPITFbv/DxRmDr5/agPqJwF69d24m9qmM1939TJehgY539CtzeZRjbLt5G6fSy/7YqqYsfvoTEw9xUI2A=="],

    "tapable": ["tapable@2.2.1", "", {}, "sha512-GNzQvQTOIP6RyTfE2Qxb8ZVlNmw0n88vp1szwWRimP02mnTsx3Wtn5qRdqY9w2XduFNUgvOwhNnQsjwCp+kqaQ=="],

    "tslib": ["tslib@2.8.1", "", {}, "sha512-oJFu94HQb+KVduSUQL7wnpmqnfmLsOA/nAh6b6EH0wCEoK0/mPeXU6c3wKDV83MkOuHPRHtSXKKU99IBazS/2w=="],

    "typescript": ["typescript@5.8.3", "", { "bin": { "tsc": "bin/tsc", "tsserver": "bin/tsserver" } }, "sha512-p1diW6TqL9L07nNxvRMM7hMMw4c5XOo/1ibL4aAIGmSAt9slTE1Xgw5KWuof2uTOvCg9BY7ZRi+GaF+7sfgPeQ=="],

    "util-deprecate": ["util-deprecate@1.0.2", "", {}, "sha512-EPD5q1uXyFxJpCrLnCc1nHnq3gOa6DZBocAIiI2TaSCA7VCJ1UJDMagCzIkXNsUYfD1daK//LTEQ8xiIbrHtcw=="],

    "xmlbuilder": ["xmlbuilder@4.0.0", "", { "dependencies": { "lodash": "^3.5.0" } }, "sha512-wrG9gc6hCFDd5STt+6fsjP2aGSkjkNSewH+1K6s0KVOd94vXAUyTwlxWVnMFVtLdMf+q0QRZN1z9hTOKgoEdMg=="],

    "xmldom": ["xmldom@0.1.31", "", {}, "sha512-yS2uJflVQs6n+CyjHoaBmVSqIDevTAWrzMmjG1Gc7h1qQ7uVozNhEPJAwZXWyGQ/Gafo3fCwrcaokezLPupVyQ=="],

    "@tailwindcss/oxide-wasm32-wasi/@emnapi/core": ["@emnapi/core@1.4.3", "", { "dependencies": { "@emnapi/wasi-threads": "1.0.2", "tslib": "^2.4.0" }, "bundled": true }, "sha512-4m62DuCE07lw01soJwPiBGC0nAww0Q+RY70VZ+n49yDIO13yyinhbWCeNnaob0lakDtWQzSdtNWzJeOJt2ma+g=="],

    "@tailwindcss/oxide-wasm32-wasi/@emnapi/runtime": ["@emnapi/runtime@1.4.3", "", { "dependencies": { "tslib": "^2.4.0" }, "bundled": true }, "sha512-pBPWdu6MLKROBX05wSNKcNb++m5Er+KQ9QkB+WVM+pW2Kx9hoSrVTnu3BdkI5eBLZoKu/J6mW/B6i6bJB2ytXQ=="],

    "@tailwindcss/oxide-wasm32-wasi/@emnapi/wasi-threads": ["@emnapi/wasi-threads@1.0.2", "", { "dependencies": { "tslib": "^2.4.0" }, "bundled": true }, "sha512-5n3nTJblwRi8LlXkJ9eBzu+kZR8Yxcc7ubakyQTFzPMtIhFpUBRbsnc2Dv88IZDIbCDlBiWrknhB4Lsz7mg6BA=="],

    "@tailwindcss/oxide-wasm32-wasi/@napi-rs/wasm-runtime": ["@napi-rs/wasm-runtime@0.2.9", "", { "dependencies": { "@emnapi/core": "^1.4.0", "@emnapi/runtime": "^1.4.0", "@tybys/wasm-util": "^0.9.0" }, "bundled": true }, "sha512-OKRBiajrrxB9ATokgEQoG87Z25c67pCpYcCwmXYX8PBftC9pBfN18gnm/fh1wurSLEKIAt+QRFLFCQISrb66Jg=="],

    "@tailwindcss/oxide-wasm32-wasi/@tybys/wasm-util": ["@tybys/wasm-util@0.9.0", "", { "dependencies": { "tslib": "^2.4.0" }, "bundled": true }, "sha512-6+7nlbMVX/PVDCwaIQ8nTOPveOcFLSt8GcXdx8hD0bt39uWxYT88uXzqTd4fTvqta7oeUJqudepapKNt2DYJFw=="],

    "@tailwindcss/oxide-wasm32-wasi/tslib": ["tslib@2.8.1", "", { "bundled": true }, "sha512-oJFu94HQb+KVduSUQL7wnpmqnfmLsOA/nAh6b6EH0wCEoK0/mPeXU6c3wKDV83MkOuHPRHtSXKKU99IBazS/2w=="],
  }
}
